
Microsoft Visual Studio Solution File, Format Version 12.00
# Visual Studio Version 17
VisualStudioVersion = 17.5.002.0
MinimumVisualStudioVersion = 10.0.40219.1
Project("{2150E333-8FDC-42A3-9474-1A3956D46DE8}") = "csharp-prep", "csharp-prep", "{D3A50CD9-81D8-41CE-9C5C-F2006A962C6B}"
EndProject
Project("{9A19103F-16F7-4668-BE54-9A1E7A4F7556}") = "Prep1", "csharp-prep\Prep1\Prep1.csproj", "{FF38EEF8-395D-4E45-8128-39585610D3E7}"
EndProject
Project("{9A19103F-16F7-4668-BE54-9A1E7A4F7556}") = "Prep2", "csharp-prep\Prep2\Prep2.csproj", "{98AF2745-3BEB-4D20-9013-B3B2A3C3CA7B}"
EndProject
Project("{9A19103F-16F7-4668-BE54-9A1E7A4F7556}") = "Prep3", "csharp-prep\Prep3\Prep3.csproj", "{BD89D2B3-31DB-4C42-871E-F0C4EC86ACB0}"
EndProject
Project("{9A19103F-16F7-4668-BE54-9A1E7A4F7556}") = "Prep4", "csharp-prep\Prep4\Prep4.csproj", "{715DB050-50F2-4C64-9789-C5725940816E}"
EndProject
Project("{9A19103F-16F7-4668-BE54-9A1E7A4F7556}") = "Prep5", "csharp-prep\Prep5\Prep5.csproj", "{4D4B8D87-3843-4B80-9C02-22A0723F9182}"
EndProject
Project("{2150E333-8FDC-42A3-9474-1A3956D46DE8}") = "final", "final", "{235E4C7B-F2E6-46BB-A6F3-D5430417BC87}"
EndProject
Project("{9A19103F-16F7-4668-BE54-9A1E7A4F7556}") = "FinalProject", "final\FinalProject\FinalProject.csproj", "{E197810B-9B57-4C31-AB19-883A12A2B6AB}"
EndProject
Project("{9A19103F-16F7-4668-BE54-9A1E7A4F7556}") = "Foundation1", "final\Foundation1\Foundation1.csproj", "{C2292269-60D0-4115-894B-25DD2BB869BC}"
EndProject
Project("{9A19103F-16F7-4668-BE54-9A1E7A4F7556}") = "Foundation2", "final\Foundation2\Foundation2.csproj", "{6054721E-8413-4FB9-B44D-929DF939B3E2}"
EndProject
Project("{9A19103F-16F7-4668-BE54-9A1E7A4F7556}") = "Foundation3", "final\Foundation3\Foundation3.csproj", "{D1961D21-892C-4437-9596-06F4B3E32052}"
EndProject
Project("{9A19103F-16F7-4668-BE54-9A1E7A4F7556}") = "Foundation4", "final\Foundation4\Foundation4.csproj", "{BE45F6EA-B10D-4124-AA6A-0C4918BA1702}"
EndProject
Project("{2150E333-8FDC-42A3-9474-1A3956D46DE8}") = "prepare", "prepare", "{8DFF5015-44D3-4A67-924A-6801B866797E}"
EndProject
Project("{9A19103F-16F7-4668-BE54-9A1E7A4F7556}") = "Learning02", "prepare\Learning02\Learning02.csproj", "{BD538723-D175-4FE9-B07F-7AC75230DA1D}"
EndProject
Project("{9A19103F-16F7-4668-BE54-9A1E7A4F7556}") = "Learning03", "prepare\Learning03\Learning03.csproj", "{05518390-0CA3-4FC6-B53B-EA5088A55309}"
EndProject
Project("{9A19103F-16F7-4668-BE54-9A1E7A4F7556}") = "Learning04", "prepare\Learning04\Learning04.csproj", "{A793EC3A-89C8-4CC5-A368-BD21C23A8EE8}"
EndProject
Project("{9A19103F-16F7-4668-BE54-9A1E7A4F7556}") = "Learning05", "prepare\Learning05\Learning05.csproj", "{47110809-7D65-4044-9D2C-3A734F0ED4EF}"
EndProject
Project("{2150E333-8FDC-42A3-9474-1A3956D46DE8}") = "prove", "prove", "{99026405-8DCF-45DA-AD66-35E0F69EE55F}"
EndProject
Project("{9A19103F-16F7-4668-BE54-9A1E7A4F7556}") = "Develop02", "prove\Develop02\Develop02.csproj", "{EF07312B-5B80-4462-B011-17EAC573E074}"
EndProject
Project("{9A19103F-16F7-4668-BE54-9A1E7A4F7556}") = "Develop03", "prove\Develop03\Develop03.csproj", "{FF7BD044-910C-4C44-8E98-3806669AE829}"
EndProject
Project("{9A19103F-16F7-4668-BE54-9A1E7A4F7556}") = "Develop04", "prove\Develop04\Develop04.csproj", "{6BD3BAA2-525F-4CF3-8221-A18AFC80823C}"
EndProject
Project("{9A19103F-16F7-4668-BE54-9A1E7A4F7556}") = "Develop05", "prove\Develop05\Develop05.csproj", "{3FDA5CAA-4FA2-452E-8CC3-24EF55017D34}"
EndProject
Project("{2150E333-8FDC-42A3-9474-1A3956D46DE8}") = "sandbox", "sandbox", "{F2BCC974-6210-43AA-8150-C3A873F7FE4E}"
EndProject
Project("{9A19103F-16F7-4668-BE54-9A1E7A4F7556}") = "Sandbox", "sandbox\Sandbox\Sandbox.csproj", "{44899F6C-8A1B-4D9D-8645-38D6F27B5E61}"
EndProject
Global
	GlobalSection(SolutionConfigurationPlatforms) = preSolution
		Debug|Any CPU = Debug|Any CPU
		Release|Any CPU = Release|Any CPU
	EndGlobalSection
	GlobalSection(ProjectConfigurationPlatforms) = postSolution
		{FF38EEF8-395D-4E45-8128-39585610D3E7}.Debug|Any CPU.ActiveCfg = Debug|Any CPU
		{FF38EEF8-395D-4E45-8128-39585610D3E7}.Debug|Any CPU.Build.0 = Debug|Any CPU
		{FF38EEF8-395D-4E45-8128-39585610D3E7}.Release|Any CPU.ActiveCfg = Release|Any CPU
		{FF38EEF8-395D-4E45-8128-39585610D3E7}.Release|Any CPU.Build.0 = Release|Any CPU
		{98AF2745-3BEB-4D20-9013-B3B2A3C3CA7B}.Debug|Any CPU.ActiveCfg = Debug|Any CPU
		{98AF2745-3BEB-4D20-9013-B3B2A3C3CA7B}.Debug|Any CPU.Build.0 = Debug|Any CPU
		{98AF2745-3BEB-4D20-9013-B3B2A3C3CA7B}.Release|Any CPU.ActiveCfg = Release|Any CPU
		{98AF2745-3BEB-4D20-9013-B3B2A3C3CA7B}.Release|Any CPU.Build.0 = Release|Any CPU
		{BD89D2B3-31DB-4C42-871E-F0C4EC86ACB0}.Debug|Any CPU.ActiveCfg = Debug|Any CPU
		{BD89D2B3-31DB-4C42-871E-F0C4EC86ACB0}.Debug|Any CPU.Build.0 = Debug|Any CPU
		{BD89D2B3-31DB-4C42-871E-F0C4EC86ACB0}.Release|Any CPU.ActiveCfg = Release|Any CPU
		{BD89D2B3-31DB-4C42-871E-F0C4EC86ACB0}.Release|Any CPU.Build.0 = Release|Any CPU
		{715DB050-50F2-4C64-9789-C5725940816E}.Debug|Any CPU.ActiveCfg = Debug|Any CPU
		{715DB050-50F2-4C64-9789-C5725940816E}.Debug|Any CPU.Build.0 = Debug|Any CPU
		{715DB050-50F2-4C64-9789-C5725940816E}.Release|Any CPU.ActiveCfg = Release|Any CPU
		{715DB050-50F2-4C64-9789-C5725940816E}.Release|Any CPU.Build.0 = Release|Any CPU
		{4D4B8D87-3843-4B80-9C02-22A0723F9182}.Debug|Any CPU.ActiveCfg = Debug|Any CPU
		{4D4B8D87-3843-4B80-9C02-22A0723F9182}.Debug|Any CPU.Build.0 = Debug|Any CPU
		{4D4B8D87-3843-4B80-9C02-22A0723F9182}.Release|Any CPU.ActiveCfg = Release|Any CPU
		{4D4B8D87-3843-4B80-9C02-22A0723F9182}.Release|Any CPU.Build.0 = Release|Any CPU
		{E197810B-9B57-4C31-AB19-883A12A2B6AB}.Debug|Any CPU.ActiveCfg = Debug|Any CPU
		{E197810B-9B57-4C31-AB19-883A12A2B6AB}.Debug|Any CPU.Build.0 = Debug|Any CPU
		{E197810B-9B57-4C31-AB19-883A12A2B6AB}.Release|Any CPU.ActiveCfg = Release|Any CPU
		{E197810B-9B57-4C31-AB19-883A12A2B6AB}.Release|Any CPU.Build.0 = Release|Any CPU
		{C2292269-60D0-4115-894B-25DD2BB869BC}.Debug|Any CPU.ActiveCfg = Debug|Any CPU
		{C2292269-60D0-4115-894B-25DD2BB869BC}.Debug|Any CPU.Build.0 = Debug|Any CPU
		{C2292269-60D0-4115-894B-25DD2BB869BC}.Release|Any CPU.ActiveCfg = Release|Any CPU
		{C2292269-60D0-4115-894B-25DD2BB869BC}.Release|Any CPU.Build.0 = Release|Any CPU
		{6054721E-8413-4FB9-B44D-929DF939B3E2}.Debug|Any CPU.ActiveCfg = Debug|Any CPU
		{6054721E-8413-4FB9-B44D-929DF939B3E2}.Debug|Any CPU.Build.0 = Debug|Any CPU
		{6054721E-8413-4FB9-B44D-929DF939B3E2}.Release|Any CPU.ActiveCfg = Release|Any CPU
		{6054721E-8413-4FB9-B44D-929DF939B3E2}.Release|Any CPU.Build.0 = Release|Any CPU
		{D1961D21-892C-4437-9596-06F4B3E32052}.Debug|Any CPU.ActiveCfg = Debug|Any CPU
		{D1961D21-892C-4437-9596-06F4B3E32052}.Debug|Any CPU.Build.0 = Debug|Any CPU
		{D1961D21-892C-4437-9596-06F4B3E32052}.Release|Any CPU.ActiveCfg = Release|Any CPU
		{D1961D21-892C-4437-9596-06F4B3E32052}.Release|Any CPU.Build.0 = Release|Any CPU
		{BE45F6EA-B10D-4124-AA6A-0C4918BA1702}.Debug|Any CPU.ActiveCfg = Debug|Any CPU
		{BE45F6EA-B10D-4124-AA6A-0C4918BA1702}.Debug|Any CPU.Build.0 = Debug|Any CPU
		{BE45F6EA-B10D-4124-AA6A-0C4918BA1702}.Release|Any CPU.ActiveCfg = Release|Any CPU
		{BE45F6EA-B10D-4124-AA6A-0C4918BA1702}.Release|Any CPU.Build.0 = Release|Any CPU
		{BD538723-D175-4FE9-B07F-7AC75230DA1D}.Debug|Any CPU.ActiveCfg = Debug|Any CPU
		{BD538723-D175-4FE9-B07F-7AC75230DA1D}.Debug|Any CPU.Build.0 = Debug|Any CPU
		{BD538723-D175-4FE9-B07F-7AC75230DA1D}.Release|Any CPU.ActiveCfg = Release|Any CPU
		{BD538723-D175-4FE9-B07F-7AC75230DA1D}.Release|Any CPU.Build.0 = Release|Any CPU
		{05518390-0CA3-4FC6-B53B-EA5088A55309}.Debug|Any CPU.ActiveCfg = Debug|Any CPU
		{05518390-0CA3-4FC6-B53B-EA5088A55309}.Debug|Any CPU.Build.0 = Debug|Any CPU
		{05518390-0CA3-4FC6-B53B-EA5088A55309}.Release|Any CPU.ActiveCfg = Release|Any CPU
		{05518390-0CA3-4FC6-B53B-EA5088A55309}.Release|Any CPU.Build.0 = Release|Any CPU
		{A793EC3A-89C8-4CC5-A368-BD21C23A8EE8}.Debug|Any CPU.ActiveCfg = Debug|Any CPU
		{A793EC3A-89C8-4CC5-A368-BD21C23A8EE8}.Debug|Any CPU.Build.0 = Debug|Any CPU
		{A793EC3A-89C8-4CC5-A368-BD21C23A8EE8}.Release|Any CPU.ActiveCfg = Release|Any CPU
		{A793EC3A-89C8-4CC5-A368-BD21C23A8EE8}.Release|Any CPU.Build.0 = Release|Any CPU
		{47110809-7D65-4044-9D2C-3A734F0ED4EF}.Debug|Any CPU.ActiveCfg = Debug|Any CPU
		{47110809-7D65-4044-9D2C-3A734F0ED4EF}.Debug|Any CPU.Build.0 = Debug|Any CPU
		{47110809-7D65-4044-9D2C-3A734F0ED4EF}.Release|Any CPU.ActiveCfg = Release|Any CPU
		{47110809-7D65-4044-9D2C-3A734F0ED4EF}.Release|Any CPU.Build.0 = Release|Any CPU
		{EF07312B-5B80-4462-B011-17EAC573E074}.Debug|Any CPU.ActiveCfg = Debug|Any CPU
		{EF07312B-5B80-4462-B011-17EAC573E074}.Debug|Any CPU.Build.0 = Debug|Any CPU
		{EF07312B-5B80-4462-B011-17EAC573E074}.Release|Any CPU.ActiveCfg = Release|Any CPU
		{EF07312B-5B80-4462-B011-17EAC573E074}.Release|Any CPU.Build.0 = Release|Any CPU
		{FF7BD044-910C-4C44-8E98-3806669AE829}.Debug|Any CPU.ActiveCfg = Debug|Any CPU
		{FF7BD044-910C-4C44-8E98-3806669AE829}.Debug|Any CPU.Build.0 = Debug|Any CPU
		{FF7BD044-910C-4C44-8E98-3806669AE829}.Release|Any CPU.ActiveCfg = Release|Any CPU
		{FF7BD044-910C-4C44-8E98-3806669AE829}.Release|Any CPU.Build.0 = Release|Any CPU
		{6BD3BAA2-525F-4CF3-8221-A18AFC80823C}.Debug|Any CPU.ActiveCfg = Debug|Any CPU
		{6BD3BAA2-525F-4CF3-8221-A18AFC80823C}.Debug|Any CPU.Build.0 = Debug|Any CPU
		{6BD3BAA2-525F-4CF3-8221-A18AFC80823C}.Release|Any CPU.ActiveCfg = Release|Any CPU
		{6BD3BAA2-525F-4CF3-8221-A18AFC80823C}.Release|Any CPU.Build.0 = Release|Any CPU
		{3FDA5CAA-4FA2-452E-8CC3-24EF55017D34}.Debug|Any CPU.ActiveCfg = Debug|Any CPU
		{3FDA5CAA-4FA2-452E-8CC3-24EF55017D34}.Debug|Any CPU.Build.0 = Debug|Any CPU
		{3FDA5CAA-4FA2-452E-8CC3-24EF55017D34}.Release|Any CPU.ActiveCfg = Release|Any CPU
		{3FDA5CAA-4FA2-452E-8CC3-24EF55017D34}.Release|Any CPU.Build.0 = Release|Any CPU
		{44899F6C-8A1B-4D9D-8645-38D6F27B5E61}.Debug|Any CPU.ActiveCfg = Debug|Any CPU
		{44899F6C-8A1B-4D9D-8645-38D6F27B5E61}.Debug|Any CPU.Build.0 = Debug|Any CPU
		{44899F6C-8A1B-4D9D-8645-38D6F27B5E61}.Release|Any CPU.ActiveCfg = Release|Any CPU
		{44899F6C-8A1B-4D9D-8645-38D6F27B5E61}.Release|Any CPU.Build.0 = Release|Any CPU
	EndGlobalSection
	GlobalSection(SolutionProperties) = preSolution
		HideSolutionNode = FALSE
	EndGlobalSection
	GlobalSection(NestedProjects) = preSolution
		{FF38EEF8-395D-4E45-8128-39585610D3E7} = {D3A50CD9-81D8-41CE-9C5C-F2006A962C6B}
		{98AF2745-3BEB-4D20-9013-B3B2A3C3CA7B} = {D3A50CD9-81D8-41CE-9C5C-F2006A962C6B}
		{BD89D2B3-31DB-4C42-871E-F0C4EC86ACB0} = {D3A50CD9-81D8-41CE-9C5C-F2006A962C6B}
		{715DB050-50F2-4C64-9789-C5725940816E} = {D3A50CD9-81D8-41CE-9C5C-F2006A962C6B}
		{4D4B8D87-3843-4B80-9C02-22A0723F9182} = {D3A50CD9-81D8-41CE-9C5C-F2006A962C6B}
		{E197810B-9B57-4C31-AB19-883A12A2B6AB} = {235E4C7B-F2E6-46BB-A6F3-D5430417BC87}
		{C2292269-60D0-4115-894B-25DD2BB869BC} = {235E4C7B-F2E6-46BB-A6F3-D5430417BC87}
		{6054721E-8413-4FB9-B44D-929DF939B3E2} = {235E4C7B-F2E6-46BB-A6F3-D5430417BC87}
		{D1961D21-892C-4437-9596-06F4B3E32052} = {235E4C7B-F2E6-46BB-A6F3-D5430417BC87}
		{BE45F6EA-B10D-4124-AA6A-0C4918BA1702} = {235E4C7B-F2E6-46BB-A6F3-D5430417BC87}
		{BD538723-D175-4FE9-B07F-7AC75230DA1D} = {8DFF5015-44D3-4A67-924A-6801B866797E}
		{05518390-0CA3-4FC6-B53B-EA5088A55309} = {8DFF5015-44D3-4A67-924A-6801B866797E}
		{A793EC3A-89C8-4CC5-A368-BD21C23A8EE8} = {8DFF5015-44D3-4A67-924A-6801B866797E}
		{47110809-7D65-4044-9D2C-3A734F0ED4EF} = {8DFF5015-44D3-4A67-924A-6801B866797E}
		{EF07312B-5B80-4462-B011-17EAC573E074} = {99026405-8DCF-45DA-AD66-35E0F69EE55F}
		{FF7BD044-910C-4C44-8E98-3806669AE829} = {99026405-8DCF-45DA-AD66-35E0F69EE55F}
		{6BD3BAA2-525F-4CF3-8221-A18AFC80823C} = {99026405-8DCF-45DA-AD66-35E0F69EE55F}
		{3FDA5CAA-4FA2-452E-8CC3-24EF55017D34} = {99026405-8DCF-45DA-AD66-35E0F69EE55F}
		{44899F6C-8A1B-4D9D-8645-38D6F27B5E61} = {F2BCC974-6210-43AA-8150-C3A873F7FE4E}
	EndGlobalSection
	GlobalSection(ExtensibilityGlobals) = postSolution
		SolutionGuid = {0DC1A7BE-E2A2-47BF-BBCE-BF0CFBBBD474}
	EndGlobalSection
EndGlobal
